
Microsoft Visual Studio Solution File, Format Version 12.00
# Visual Studio Version 17
VisualStudioVersion = 17.8.34330.188
MinimumVisualStudioVersion = 10.0.40219.1
Project("{9A19103F-16F7-4668-BE54-9A1E7A4F7556}") = "EthRandomCheck", "EthRandomCheck.csproj", "{4E36A17A-83B8-4F42-AA71-215D8C4549CD}"
EndProject
Global
	GlobalSection(SolutionConfigurationPlatforms) = preSolution
		Debug|Any CPU = Debug|Any CPU
		Release|Any CPU = Release|Any CPU
	EndGlobalSection
	GlobalSection(ProjectConfigurationPlatforms) = postSolution
		{4E36A17A-83B8-4F42-AA71-215D8C4549CD}.Debug|Any CPU.ActiveCfg = Debug|Any CPU
		{4E36A17A-83B8-4F42-AA71-215D8C4549CD}.Debug|Any CPU.Build.0 = Debug|Any CPU
		{4E36A17A-83B8-4F42-AA71-215D8C4549CD}.Release|Any CPU.ActiveCfg = Release|Any CPU
		{4E36A17A-83B8-4F42-AA71-215D8C4549CD}.Release|Any CPU.Build.0 = Release|Any CPU
	EndGlobalSection
	GlobalSection(SolutionProperties) = preSolution
		HideSolutionNode = FALSE
	EndGlobalSection
	GlobalSection(ExtensibilityGlobals) = postSolution
		SolutionGuid = {11232926-3D56-4D71-A482-5355CBFB0605}
	EndGlobalSection
EndGlobal
